
Microsoft Visual Studio Solution File, Format Version 12.00
# Visual Studio Version 17
VisualStudioVersion = 17.8.34330.188
MinimumVisualStudioVersion = 10.0.40219.1
Project("{9A19103F-16F7-4668-BE54-9A1E7A4F7556}") = "LoginProject", "LoginProject\LoginProject.csproj", "{622CA626-47F7-44E1-9841-D433C785DCE0}"
EndProject
Project("{9A19103F-16F7-4668-BE54-9A1E7A4F7556}") = "Services", "Services\Services.csproj", "{A4D9DB64-36FC-4870-B5D4-2EB532640FD3}"
EndProject
Project("{9A19103F-16F7-4668-BE54-9A1E7A4F7556}") = "Entities", "Entities\Entities.csproj", "{6E01CE30-411B-4FE6-AC62-0F19D157AE17}"
EndProject
Project("{9A19103F-16F7-4668-BE54-9A1E7A4F7556}") = "Repositories", "Repositories\Repositories.csproj", "{9AD9B83C-20F3-42D2-ABF5-A8F23F4AD5AC}"
EndProject
Project("{FAE04EC0-301F-11D3-BF4B-00C04F79EFBC}") = "DTOs", "DTOs\DTOs.csproj", "{6A9F666A-82E8-469C-9D6B-C00BE881F9F8}"
EndProject
Global
	GlobalSection(SolutionConfigurationPlatforms) = preSolution
		Debug|Any CPU = Debug|Any CPU
		Release|Any CPU = Release|Any CPU
	EndGlobalSection
	GlobalSection(ProjectConfigurationPlatforms) = postSolution
		{622CA626-47F7-44E1-9841-D433C785DCE0}.Debug|Any CPU.ActiveCfg = Debug|Any CPU
		{622CA626-47F7-44E1-9841-D433C785DCE0}.Debug|Any CPU.Build.0 = Debug|Any CPU
		{622CA626-47F7-44E1-9841-D433C785DCE0}.Release|Any CPU.ActiveCfg = Release|Any CPU
		{622CA626-47F7-44E1-9841-D433C785DCE0}.Release|Any CPU.Build.0 = Release|Any CPU
		{A4D9DB64-36FC-4870-B5D4-2EB532640FD3}.Debug|Any CPU.ActiveCfg = Debug|Any CPU
		{A4D9DB64-36FC-4870-B5D4-2EB532640FD3}.Debug|Any CPU.Build.0 = Debug|Any CPU
		{A4D9DB64-36FC-4870-B5D4-2EB532640FD3}.Release|Any CPU.ActiveCfg = Release|Any CPU
		{A4D9DB64-36FC-4870-B5D4-2EB532640FD3}.Release|Any CPU.Build.0 = Release|Any CPU
		{6E01CE30-411B-4FE6-AC62-0F19D157AE17}.Debug|Any CPU.ActiveCfg = Debug|Any CPU
		{6E01CE30-411B-4FE6-AC62-0F19D157AE17}.Debug|Any CPU.Build.0 = Debug|Any CPU
		{6E01CE30-411B-4FE6-AC62-0F19D157AE17}.Release|Any CPU.ActiveCfg = Release|Any CPU
		{6E01CE30-411B-4FE6-AC62-0F19D157AE17}.Release|Any CPU.Build.0 = Release|Any CPU
		{9AD9B83C-20F3-42D2-ABF5-A8F23F4AD5AC}.Debug|Any CPU.ActiveCfg = Debug|Any CPU
		{9AD9B83C-20F3-42D2-ABF5-A8F23F4AD5AC}.Debug|Any CPU.Build.0 = Debug|Any CPU
		{9AD9B83C-20F3-42D2-ABF5-A8F23F4AD5AC}.Release|Any CPU.ActiveCfg = Release|Any CPU
		{9AD9B83C-20F3-42D2-ABF5-A8F23F4AD5AC}.Release|Any CPU.Build.0 = Release|Any CPU
		{6A9F666A-82E8-469C-9D6B-C00BE881F9F8}.Debug|Any CPU.ActiveCfg = Debug|Any CPU
		{6A9F666A-82E8-469C-9D6B-C00BE881F9F8}.Debug|Any CPU.Build.0 = Debug|Any CPU
		{6A9F666A-82E8-469C-9D6B-C00BE881F9F8}.Release|Any CPU.ActiveCfg = Release|Any CPU
		{6A9F666A-82E8-469C-9D6B-C00BE881F9F8}.Release|Any CPU.Build.0 = Release|Any CPU
	EndGlobalSection
	GlobalSection(SolutionProperties) = preSolution
		HideSolutionNode = FALSE
	EndGlobalSection
	GlobalSection(ExtensibilityGlobals) = postSolution
		SolutionGuid = {49D6E12F-6594-440D-ABD9-162A27C659EE}
	EndGlobalSection
EndGlobal
